
Microsoft Visual Studio Solution File, Format Version 12.00
# Visual Studio 15
VisualStudioVersion = 15.0.27428.2015
MinimumVisualStudioVersion = 10.0.40219.1
Project("{FAE04EC0-301F-11D3-BF4B-00C04F79EFBC}") = "PDF focus demo", "PDF focus demo\PDF focus demo.csproj", "{A2351834-8BFB-4127-8B81-F6E087438FE4}"
EndProject
Global
	GlobalSection(SolutionConfigurationPlatforms) = preSolution
		Debug|Any CPU = Debug|Any CPU
		Release|Any CPU = Release|Any CPU
	EndGlobalSection
	GlobalSection(ProjectConfigurationPlatforms) = postSolution
		{A2351834-8BFB-4127-8B81-F6E087438FE4}.Debug|Any CPU.ActiveCfg = Debug|Any CPU
		{A2351834-8BFB-4127-8B81-F6E087438FE4}.Debug|Any CPU.Build.0 = Debug|Any CPU
		{A2351834-8BFB-4127-8B81-F6E087438FE4}.Release|Any CPU.ActiveCfg = Release|Any CPU
		{A2351834-8BFB-4127-8B81-F6E087438FE4}.Release|Any CPU.Build.0 = Release|Any CPU
	EndGlobalSection
	GlobalSection(SolutionProperties) = preSolution
		HideSolutionNode = FALSE
	EndGlobalSection
	GlobalSection(ExtensibilityGlobals) = postSolution
		SolutionGuid = {F0CFBFC4-4759-4E74-B0A9-2BE333E6022F}
	EndGlobalSection
EndGlobal
